// !$*UTF8*$!
{
	archiveVersion = 1;
	classes = {
	};
	objectVersion = 46;
	objects = {

/* Begin PBXBuildFile section */
		0DAE9A3263B7D7686CB80BC0 /* Pods_DESCrypt_Tests.framework in Frameworks */ = {isa = PBXBuildFile; fileRef = 12CE5350D30DA19B75DE9F76 /* Pods_DESCrypt_Tests.framework */; settings = {ATTRIBUTES = (Weak, ); }; };
		2558E4FC58D9A507C4C168DD /* Pods_DESCrypt_Example.framework in Frameworks */ = {isa = PBXBuildFile; fileRef = CD3F8FAD96D48E554BBD3D80 /* Pods_DESCrypt_Example.framework */; settings = {ATTRIBUTES = (Weak, ); }; };
		934693011B9EF2F000235F2D /* main.m in Sources */ = {isa = PBXBuildFile; fileRef = 934693001B9EF2F000235F2D /* main.m */; };
		935E226D1B9EFEA8008FB849 /* DESCrypt_Tests.m in Sources */ = {isa = PBXBuildFile; fileRef = 935E226C1B9EFEA8008FB849 /* DESCrypt_Tests.m */; };
/* End PBXBuildFile section */

/* Begin PBXCopyFilesBuildPhase section */
		934692FB1B9EF2F000235F2D /* CopyFiles */ = {
			isa = PBXCopyFilesBuildPhase;
			buildActionMask = 2147483647;
			dstPath = /usr/share/man/man1/;
			dstSubfolderSpec = 0;
			files = (
			);
			runOnlyForDeploymentPostprocessing = 1;
		};
/* End PBXCopyFilesBuildPhase section */

/* Begin PBXFileReference section */
		12CE5350D30DA19B75DE9F76 /* Pods_DESCrypt_Tests.framework */ = {isa = PBXFileReference; explicitFileType = wrapper.framework; includeInIndex = 0; path = Pods_DESCrypt_Tests.framework; sourceTree = BUILT_PRODUCTS_DIR; };
		934692FD1B9EF2F000235F2D /* DESCrypt_Example */ = {isa = PBXFileReference; explicitFileType = "compiled.mach-o.executable"; includeInIndex = 0; path = DESCrypt_Example; sourceTree = BUILT_PRODUCTS_DIR; };
		934693001B9EF2F000235F2D /* main.m */ = {isa = PBXFileReference; lastKnownFileType = sourcecode.c.objc; path = main.m; sourceTree = "<group>"; };
		935E22681B9EFEA8008FB849 /* DESCrypt_Tests.xctest */ = {isa = PBXFileReference; explicitFileType = wrapper.cfbundle; includeInIndex = 0; path = DESCrypt_Tests.xctest; sourceTree = BUILT_PRODUCTS_DIR; };
		935E226B1B9EFEA8008FB849 /* Info.plist */ = {isa = PBXFileReference; lastKnownFileType = text.plist.xml; path = Info.plist; sourceTree = "<group>"; };
		935E226C1B9EFEA8008FB849 /* DESCrypt_Tests.m */ = {isa = PBXFileReference; lastKnownFileType = sourcecode.c.objc; path = DESCrypt_Tests.m; sourceTree = "<group>"; };
		9F1843CCCE85EE7D6725D7E7 /* Pods-DESCrypt_Example.debug.xcconfig */ = {isa = PBXFileReference; includeInIndex = 1; lastKnownFileType = text.xcconfig; name = "Pods-DESCrypt_Example.debug.xcconfig"; path = "Pods/Target Support Files/Pods-DESCrypt_Example/Pods-DESCrypt_Example.debug.xcconfig"; sourceTree = "<group>"; };
		CD3F8FAD96D48E554BBD3D80 /* Pods_DESCrypt_Example.framework */ = {isa = PBXFileReference; explicitFileType = wrapper.framework; includeInIndex = 0; path = Pods_DESCrypt_Example.framework; sourceTree = BUILT_PRODUCTS_DIR; };
		D53045FC6CE4E684A8572F29 /* Pods-DESCrypt_Tests.debug.xcconfig */ = {isa = PBXFileReference; includeInIndex = 1; lastKnownFileType = text.xcconfig; name = "Pods-DESCrypt_Tests.debug.xcconfig"; path = "Pods/Target Support Files/Pods-DESCrypt_Tests/Pods-DESCrypt_Tests.debug.xcconfig"; sourceTree = "<group>"; };
		EA46028FD4229AFB1097B1EC /* Pods-DESCrypt_Tests.release.xcconfig */ = {isa = PBXFileReference; includeInIndex = 1; lastKnownFileType = text.xcconfig; name = "Pods-DESCrypt_Tests.release.xcconfig"; path = "Pods/Target Support Files/Pods-DESCrypt_Tests/Pods-DESCrypt_Tests.release.xcconfig"; sourceTree = "<group>"; };
		FFDF75479504C948E4B46399 /* Pods-DESCrypt_Example.release.xcconfig */ = {isa = PBXFileReference; includeInIndex = 1; lastKnownFileType = text.xcconfig; name = "Pods-DESCrypt_Example.release.xcconfig"; path = "Pods/Target Support Files/Pods-DESCrypt_Example/Pods-DESCrypt_Example.release.xcconfig"; sourceTree = "<group>"; };
/* End PBXFileReference section */

/* Begin PBXFrameworksBuildPhase section */
		934692FA1B9EF2F000235F2D /* Frameworks */ = {
			isa = PBXFrameworksBuildPhase;
			buildActionMask = 2147483647;
			files = (
				2558E4FC58D9A507C4C168DD /* Pods_DESCrypt_Example.framework in Frameworks */,
			);
			runOnlyForDeploymentPostprocessing = 0;
		};
		935E22651B9EFEA8008FB849 /* Frameworks */ = {
			isa = PBXFrameworksBuildPhase;
			buildActionMask = 2147483647;
			files = (
				0DAE9A3263B7D7686CB80BC0 /* Pods_DESCrypt_Tests.framework in Frameworks */,
			);
			runOnlyForDeploymentPostprocessing = 0;
		};
/* End PBXFrameworksBuildPhase section */

/* Begin PBXGroup section */
		3AD4BA0A4DEEAF0FF5068006 /* Pods */ = {
			isa = PBXGroup;
			children = (
				9F1843CCCE85EE7D6725D7E7 /* Pods-DESCrypt_Example.debug.xcconfig */,
				FFDF75479504C948E4B46399 /* Pods-DESCrypt_Example.release.xcconfig */,
				D53045FC6CE4E684A8572F29 /* Pods-DESCrypt_Tests.debug.xcconfig */,
				EA46028FD4229AFB1097B1EC /* Pods-DESCrypt_Tests.release.xcconfig */,
			);
			name = Pods;
			sourceTree = "<group>";
		};
		5A6605F6C3DCCF5F9E6C77EF /* Frameworks */ = {
			isa = PBXGroup;
			children = (
				CD3F8FAD96D48E554BBD3D80 /* Pods_DESCrypt_Example.framework */,
				12CE5350D30DA19B75DE9F76 /* Pods_DESCrypt_Tests.framework */,
			);
			name = Frameworks;
			sourceTree = "<group>";
		};
		934692F41B9EF2F000235F2D = {
			isa = PBXGroup;
			children = (
				934692FF1B9EF2F000235F2D /* DESCrypt */,
				935E22691B9EFEA8008FB849 /* DESCrypt_Tests */,
				934692FE1B9EF2F000235F2D /* Products */,
				3AD4BA0A4DEEAF0FF5068006 /* Pods */,
				5A6605F6C3DCCF5F9E6C77EF /* Frameworks */,
			);
			sourceTree = "<group>";
		};
		934692FE1B9EF2F000235F2D /* Products */ = {
			isa = PBXGroup;
			children = (
				934692FD1B9EF2F000235F2D /* DESCrypt_Example */,
				935E22681B9EFEA8008FB849 /* DESCrypt_Tests.xctest */,
			);
			name = Products;
			sourceTree = "<group>";
		};
		934692FF1B9EF2F000235F2D /* DESCrypt */ = {
			isa = PBXGroup;
			children = (
				934693001B9EF2F000235F2D /* main.m */,
			);
			path = DESCrypt;
			sourceTree = "<group>";
		};
		935E22691B9EFEA8008FB849 /* DESCrypt_Tests */ = {
			isa = PBXGroup;
			children = (
				935E226C1B9EFEA8008FB849 /* DESCrypt_Tests.m */,
				935E226A1B9EFEA8008FB849 /* Supporting Files */,
			);
			path = DESCrypt_Tests;
			sourceTree = "<group>";
		};
		935E226A1B9EFEA8008FB849 /* Supporting Files */ = {
			isa = PBXGroup;
			children = (
				935E226B1B9EFEA8008FB849 /* Info.plist */,
			);
			name = "Supporting Files";
			sourceTree = "<group>";
		};
/* End PBXGroup section */

/* Begin PBXNativeTarget section */
		934692FC1B9EF2F000235F2D /* DESCrypt_Example */ = {
			isa = PBXNativeTarget;
			buildConfigurationList = 934693041B9EF2F000235F2D /* Build configuration list for PBXNativeTarget "DESCrypt_Example" */;
			buildPhases = (
				A19DAD67ADC4064B99A008C1 /* Check Pods Manifest.lock */,
				934692F91B9EF2F000235F2D /* Sources */,
				934692FA1B9EF2F000235F2D /* Frameworks */,
				934692FB1B9EF2F000235F2D /* CopyFiles */,
				F2DF417C16880276DD269C83 /* Copy Pods Resources */,
			);
			buildRules = (
			);
			dependencies = (
			);
			name = DESCrypt_Example;
			productName = DESCrypt;
			productReference = 934692FD1B9EF2F000235F2D /* DESCrypt_Example */;
			productType = "com.apple.product-type.tool";
		};
		935E22671B9EFEA8008FB849 /* DESCrypt_Tests */ = {
			isa = PBXNativeTarget;
			buildConfigurationList = 935E226E1B9EFEA8008FB849 /* Build configuration list for PBXNativeTarget "DESCrypt_Tests" */;
			buildPhases = (
				B9B7EF1D9F8AD85D49EBD035 /* Check Pods Manifest.lock */,
				935E22641B9EFEA8008FB849 /* Sources */,
				935E22651B9EFEA8008FB849 /* Frameworks */,
				935E22661B9EFEA8008FB849 /* Resources */,
				FF42563A32075AE2D2C9E981 /* Embed Pods Frameworks */,
				1EE7DDC26B85D828EF7510CC /* Copy Pods Resources */,
			);
			buildRules = (
			);
			dependencies = (
			);
			name = DESCrypt_Tests;
			productName = DESCrypt_Tests;
			productReference = 935E22681B9EFEA8008FB849 /* DESCrypt_Tests.xctest */;
			productType = "com.apple.product-type.bundle.unit-test";
		};
/* End PBXNativeTarget section */

/* Begin PBXProject section */
		934692F51B9EF2F000235F2D /* Project object */ = {
			isa = PBXProject;
			attributes = {
				LastUpgradeCheck = 0640;
				ORGANIZATIONNAME = "East Media";
				TargetAttributes = {
					934692FC1B9EF2F000235F2D = {
						CreatedOnToolsVersion = 6.4;
					};
					935E22671B9EFEA8008FB849 = {
						CreatedOnToolsVersion = 6.4;
					};
				};
			};
			buildConfigurationList = 934692F81B9EF2F000235F2D /* Build configuration list for PBXProject "DESCrypt" */;
			compatibilityVersion = "Xcode 3.2";
			developmentRegion = English;
			hasScannedForEncodings = 0;
			knownRegions = (
				en,
			);
			mainGroup = 934692F41B9EF2F000235F2D;
			productRefGroup = 934692FE1B9EF2F000235F2D /* Products */;
			projectDirPath = "";
			projectRoot = "";
			targets = (
				934692FC1B9EF2F000235F2D /* DESCrypt_Example */,
				935E22671B9EFEA8008FB849 /* DESCrypt_Tests */,
			);
		};
/* End PBXProject section */

/* Begin PBXResourcesBuildPhase section */
		935E22661B9EFEA8008FB849 /* Resources */ = {
			isa = PBXResourcesBuildPhase;
			buildActionMask = 2147483647;
			files = (
			);
			runOnlyForDeploymentPostprocessing = 0;
		};
/* End PBXResourcesBuildPhase section */

/* Begin PBXShellScriptBuildPhase section */
		1EE7DDC26B85D828EF7510CC /* Copy Pods Resources */ = {
			isa = PBXShellScriptBuildPhase;
			buildActionMask = 2147483647;
			files = (
			);
			inputPaths = (
			);
			name = "Copy Pods Resources";
			outputPaths = (
			);
			runOnlyForDeploymentPostprocessing = 0;
			shellPath = /bin/sh;
			shellScript = "\"${SRCROOT}/Pods/Target Support Files/Pods-DESCrypt_Tests/Pods-DESCrypt_Tests-resources.sh\"\n";
			showEnvVarsInLog = 0;
		};
		A19DAD67ADC4064B99A008C1 /* Check Pods Manifest.lock */ = {
			isa = PBXShellScriptBuildPhase;
			buildActionMask = 2147483647;
			files = (
			);
			inputPaths = (
			);
			name = "Check Pods Manifest.lock";
			outputPaths = (
			);
			runOnlyForDeploymentPostprocessing = 0;
			shellPath = /bin/sh;
			shellScript = "diff \"${PODS_ROOT}/../Podfile.lock\" \"${PODS_ROOT}/Manifest.lock\" > /dev/null\nif [[ $? != 0 ]] ; then\n    cat << EOM\nerror: The sandbox is not in sync with the Podfile.lock. Run 'pod install' or update your CocoaPods installation.\nEOM\n    exit 1\nfi\n";
			showEnvVarsInLog = 0;
		};
		B9B7EF1D9F8AD85D49EBD035 /* Check Pods Manifest.lock */ = {
			isa = PBXShellScriptBuildPhase;
			buildActionMask = 2147483647;
			files = (
			);
			inputPaths = (
			);
			name = "Check Pods Manifest.lock";
			outputPaths = (
			);
			runOnlyForDeploymentPostprocessing = 0;
			shellPath = /bin/sh;
			shellScript = "diff \"${PODS_ROOT}/../Podfile.lock\" \"${PODS_ROOT}/Manifest.lock\" > /dev/null\nif [[ $? != 0 ]] ; then\n    cat << EOM\nerror: The sandbox is not in sync with the Podfile.lock. Run 'pod install' or update your CocoaPods installation.\nEOM\n    exit 1\nfi\n";
			showEnvVarsInLog = 0;
		};
		F2DF417C16880276DD269C83 /* Copy Pods Resources */ = {
			isa = PBXShellScriptBuildPhase;
			buildActionMask = 2147483647;
			files = (
			);
			inputPaths = (
			);
			name = "Copy Pods Resources";
			outputPaths = (
			);
			runOnlyForDeploymentPostprocessing = 0;
			shellPath = /bin/sh;
			shellScript = "\"${SRCROOT}/Pods/Target Support Files/Pods-DESCrypt_Example/Pods-DESCrypt_Example-resources.sh\"\n";
			showEnvVarsInLog = 0;
		};
		FF42563A32075AE2D2C9E981 /* Embed Pods Frameworks */ = {
			isa = PBXShellScriptBuildPhase;
			buildActionMask = 2147483647;
			files = (
			);
			inputPaths = (
			);
			name = "Embed Pods Frameworks";
			outputPaths = (
			);
			runOnlyForDeploymentPostprocessing = 0;
			shellPath = /bin/sh;
			shellScript = "\"${SRCROOT}/Pods/Target Support Files/Pods-DESCrypt_Tests/Pods-DESCrypt_Tests-frameworks.sh\"\n";
			showEnvVarsInLog = 0;
		};
/* End PBXShellScriptBuildPhase section */

/* Begin PBXSourcesBuildPhase section */
		934692F91B9EF2F000235F2D /* Sources */ = {
			isa = PBXSourcesBuildPhase;
			buildActionMask = 2147483647;
			files = (
				934693011B9EF2F000235F2D /* main.m in Sources */,
			);
			runOnlyForDeploymentPostprocessing = 0;
		};
		935E22641B9EFEA8008FB849 /* Sources */ = {
			isa = PBXSourcesBuildPhase;
			buildActionMask = 2147483647;
			files = (
				935E226D1B9EFEA8008FB849 /* DESCrypt_Tests.m in Sources */,
			);
			runOnlyForDeploymentPostprocessing = 0;
		};
/* End PBXSourcesBuildPhase section */

/* Begin XCBuildConfiguration section */
		934693021B9EF2F000235F2D /* Debug */ = {
			isa = XCBuildConfiguration;
			buildSettings = {
				ALWAYS_SEARCH_USER_PATHS = NO;
				CLANG_CXX_LANGUAGE_STANDARD = "gnu++0x";
				CLANG_CXX_LIBRARY = "libc++";
				CLANG_ENABLE_MODULES = YES;
				CLANG_ENABLE_OBJC_ARC = YES;
				CLANG_WARN_BOOL_CONVERSION = YES;
				CLANG_WARN_CONSTANT_CONVERSION = YES;
				CLANG_WARN_DIRECT_OBJC_ISA_USAGE = YES_ERROR;
				CLANG_WARN_EMPTY_BODY = YES;
				CLANG_WARN_ENUM_CONVERSION = YES;
				CLANG_WARN_INT_CONVERSION = YES;
				CLANG_WARN_OBJC_ROOT_CLASS = YES_ERROR;
				CLANG_WARN_UNREACHABLE_CODE = YES;
				CLANG_WARN__DUPLICATE_METHOD_MATCH = YES;
				COPY_PHASE_STRIP = NO;
				DEBUG_INFORMATION_FORMAT = dwarf;
				ENABLE_STRICT_OBJC_MSGSEND = YES;
				GCC_C_LANGUAGE_STANDARD = gnu99;
				GCC_DYNAMIC_NO_PIC = NO;
				GCC_NO_COMMON_BLOCKS = YES;
				GCC_OPTIMIZATION_LEVEL = 0;
				GCC_PREPROCESSOR_DEFINITIONS = (
					"DEBUG=1",
					"$(inherited)",
				);
				GCC_SYMBOLS_PRIVATE_EXTERN = NO;
				GCC_WARN_64_TO_32_BIT_CONVERSION = YES;
				GCC_WARN_ABOUT_RETURN_TYPE = YES_ERROR;
				GCC_WARN_UNDECLARED_SELECTOR = YES;
				GCC_WARN_UNINITIALIZED_AUTOS = YES_AGGRESSIVE;
				GCC_WARN_UNUSED_FUNCTION = YES;
				GCC_WARN_UNUSED_VARIABLE = YES;
				MACOSX_DEPLOYMENT_TARGET = 10.10;
				MTL_ENABLE_DEBUG_INFO = YES;
				ONLY_ACTIVE_ARCH = YES;
				SDKROOT = macosx;
			};
			name = Debug;
		};
		934693031B9EF2F000235F2D /* Release */ = {
			isa = XCBuildConfiguration;
			buildSettings = {
				ALWAYS_SEARCH_USER_PATHS = NO;
				CLANG_CXX_LANGUAGE_STANDARD = "gnu++0x";
				CLANG_CXX_LIBRARY = "libc++";
				CLANG_ENABLE_MODULES = YES;
				CLANG_ENABLE_OBJC_ARC = YES;
				CLANG_WARN_BOOL_CONVERSION = YES;
				CLANG_WARN_CONSTANT_CONVERSION = YES;
				CLANG_WARN_DIRECT_OBJC_ISA_USAGE = YES_ERROR;
				CLANG_WARN_EMPTY_BODY = YES;
				CLANG_WARN_ENUM_CONVERSION = YES;
				CLANG_WARN_INT_CONVERSION = YES;
				CLANG_WARN_OBJC_ROOT_CLASS = YES_ERROR;
				CLANG_WARN_UNREACHABLE_CODE = YES;
				CLANG_WARN__DUPLICATE_METHOD_MATCH = YES;
				COPY_PHASE_STRIP = NO;
				DEBUG_INFORMATION_FORMAT = "dwarf-with-dsym";
				ENABLE_NS_ASSERTIONS = NO;
				ENABLE_STRICT_OBJC_MSGSEND = YES;
				GCC_C_LANGUAGE_STANDARD = gnu99;
				GCC_NO_COMMON_BLOCKS = YES;
				GCC_WARN_64_TO_32_BIT_CONVERSION = YES;
				GCC_WARN_ABOUT_RETURN_TYPE = YES_ERROR;
				GCC_WARN_UNDECLARED_SELECTOR = YES;
				GCC_WARN_UNINITIALIZED_AUTOS = YES_AGGRESSIVE;
				GCC_WARN_UNUSED_FUNCTION = YES;
				GCC_WARN_UNUSED_VARIABLE = YES;
				MACOSX_DEPLOYMENT_TARGET = 10.10;
				MTL_ENABLE_DEBUG_INFO = NO;
				SDKROOT = macosx;
			};
			name = Release;
		};
		934693051B9EF2F000235F2D /* Debug */ = {
			isa = XCBuildConfiguration;
			baseConfigurationReference = 9F1843CCCE85EE7D6725D7E7 /* Pods-DESCrypt_Example.debug.xcconfig */;
			buildSettings = {
				PRODUCT_NAME = "$(TARGET_NAME)";
			};
			name = Debug;
		};
		934693061B9EF2F000235F2D /* Release */ = {
			isa = XCBuildConfiguration;
			baseConfigurationReference = FFDF75479504C948E4B46399 /* Pods-DESCrypt_Example.release.xcconfig */;
			buildSettings = {
				PRODUCT_NAME = "$(TARGET_NAME)";
			};
			name = Release;
		};
		935E226F1B9EFEA8008FB849 /* Debug */ = {
			isa = XCBuildConfiguration;
			baseConfigurationReference = D53045FC6CE4E684A8572F29 /* Pods-DESCrypt_Tests.debug.xcconfig */;
			buildSettings = {
				COMBINE_HIDPI_IMAGES = YES;
				FRAMEWORK_SEARCH_PATHS = (
					"$(DEVELOPER_FRAMEWORKS_DIR)",
					"$(inherited)",
				);
				GCC_PREPROCESSOR_DEFINITIONS = (
					"DEBUG=1",
					"$(inherited)",
				);
				INFOPLIST_FILE = DESCrypt_Tests/Info.plist;
				LD_RUNPATH_SEARCH_PATHS = "$(inherited) @executable_path/../Frameworks @loader_path/../Frameworks";
				PRODUCT_NAME = "$(TARGET_NAME)";
			};
			name = Debug;
		};
		935E22701B9EFEA8008FB849 /* Release */ = {
			isa = XCBuildConfiguration;
			baseConfigurationReference = EA46028FD4229AFB1097B1EC /* Pods-DESCrypt_Tests.release.xcconfig */;
			buildSettings = {
				COMBINE_HIDPI_IMAGES = YES;
				FRAMEWORK_SEARCH_PATHS = (
					"$(DEVELOPER_FRAMEWORKS_DIR)",
					"$(inherited)",
				);
				INFOPLIST_FILE = DESCrypt_Tests/Info.plist;
				LD_RUNPATH_SEARCH_PATHS = "$(inherited) @executable_path/../Frameworks @loader_path/../Frameworks";
				PRODUCT_NAME = "$(TARGET_NAME)";
			};
			name = Release;
		};
/* End XCBuildConfiguration section */

/* Begin XCConfigurationList section */
		934692F81B9EF2F000235F2D /* Build configuration list for PBXProject "DESCrypt" */ = {
			isa = XCConfigurationList;
			buildConfigurations = (
				934693021B9EF2F000235F2D /* Debug */,
				934693031B9EF2F000235F2D /* Release */,
			);
			defaultConfigurationIsVisible = 0;
			defaultConfigurationName = Release;
		};
		934693041B9EF2F000235F2D /* Build configuration list for PBXNativeTarget "DESCrypt_Example" */ = {
			isa = XCConfigurationList;
			buildConfigurations = (
				934693051B9EF2F000235F2D /* Debug */,
				934693061B9EF2F000235F2D /* Release */,
			);
			defaultConfigurationIsVisible = 0;
			defaultConfigurationName = Release;
		};
		935E226E1B9EFEA8008FB849 /* Build configuration list for PBXNativeTarget "DESCrypt_Tests" */ = {
			isa = XCConfigurationList;
			buildConfigurations = (
				935E226F1B9EFEA8008FB849 /* Debug */,
				935E22701B9EFEA8008FB849 /* Release */,
			);
			defaultConfigurationIsVisible = 0;
			defaultConfigurationName = Release;
		};
/* End XCConfigurationList section */
	};
	rootObject = 934692F51B9EF2F000235F2D /* Project object */;
}
